
Microsoft Visual Studio Solution File, Format Version 12.00
# Visual Studio Version 17
VisualStudioVersion = 17.10.34928.147
MinimumVisualStudioVersion = 10.0.40219.1
Project("{FAE04EC0-301F-11D3-BF4B-00C04F79EFBC}") = "WebHookConsumer", "WebHookConsumer.csproj", "{837293A1-5961-4333-86DA-60D35D7575AF}"
EndProject
Global
	GlobalSection(SolutionConfigurationPlatforms) = preSolution
		Debug|Any CPU = Debug|Any CPU
		Release|Any CPU = Release|Any CPU
	EndGlobalSection
	GlobalSection(ProjectConfigurationPlatforms) = postSolution
		{837293A1-5961-4333-86DA-60D35D7575AF}.Debug|Any CPU.ActiveCfg = Debug|Any CPU
		{837293A1-5961-4333-86DA-60D35D7575AF}.Debug|Any CPU.Build.0 = Debug|Any CPU
		{837293A1-5961-4333-86DA-60D35D7575AF}.Release|Any CPU.ActiveCfg = Release|Any CPU
		{837293A1-5961-4333-86DA-60D35D7575AF}.Release|Any CPU.Build.0 = Release|Any CPU
	EndGlobalSection
	GlobalSection(SolutionProperties) = preSolution
		HideSolutionNode = FALSE
	EndGlobalSection
	GlobalSection(ExtensibilityGlobals) = postSolution
		SolutionGuid = {62D0055D-5B71-4A13-98B4-FB18F33BB404}
	EndGlobalSection
EndGlobal
